
Microsoft Visual Studio Solution File, Format Version 12.00
# Visual Studio Version 17
VisualStudioVersion = 17.14.36414.22 d17.14
MinimumVisualStudioVersion = 10.0.40219.1
Project("{FAE04EC0-301F-11D3-BF4B-00C04F79EFBC}") = "SmartCampusMVC", "SmartCampusMVC.csproj", "{D5F84074-13CA-474D-A63B-E88A2879DDA4}"
EndProject
Global
	GlobalSection(SolutionConfigurationPlatforms) = preSolution
		Debug|Any CPU = Debug|Any CPU
		Release|Any CPU = Release|Any CPU
	EndGlobalSection
	GlobalSection(ProjectConfigurationPlatforms) = postSolution
		{D5F84074-13CA-474D-A63B-E88A2879DDA4}.Debug|Any CPU.ActiveCfg = Debug|Any CPU
		{D5F84074-13CA-474D-A63B-E88A2879DDA4}.Debug|Any CPU.Build.0 = Debug|Any CPU
		{D5F84074-13CA-474D-A63B-E88A2879DDA4}.Release|Any CPU.ActiveCfg = Release|Any CPU
		{D5F84074-13CA-474D-A63B-E88A2879DDA4}.Release|Any CPU.Build.0 = Release|Any CPU
	EndGlobalSection
	GlobalSection(SolutionProperties) = preSolution
		HideSolutionNode = FALSE
	EndGlobalSection
	GlobalSection(ExtensibilityGlobals) = postSolution
		SolutionGuid = {EC649177-E131-4697-822E-40F124CB1A50}
	EndGlobalSection
EndGlobal
